<Solution>
  <Folder Name="/解决方案项/">
    <File Path=".gitignore" />
    <File Path="README.md" />
  </Folder>
  <Project Path="Booking.Api/Booking.Api.csproj" />
  <Project Path="Booking.Application/Booking.Application.csproj" />
  <Project Path="Booking.Domain/Booking.Domain.csproj" />
  <Project Path="Booking.Infrastructure/Booking.Infrastructure.csproj" />
  <Project Path="Booking.Tests/Booking.Tests.csproj" />
</Solution>
