
Microsoft Visual Studio Solution File, Format Version 12.00
# Visual Studio Version 18
VisualStudioVersion = 18.2.11408.102 d18.0
MinimumVisualStudioVersion = 10.0.40219.1
Project("{FAE04EC0-301F-11D3-BF4B-00C04F79EFBC}") = "Booking.Domain", "Booking.Domain.csproj", "{1524B81C-0E98-A494-858F-B2FFA210288E}"
EndProject
Global
	GlobalSection(SolutionConfigurationPlatforms) = preSolution
		Debug|Any CPU = Debug|Any CPU
		Release|Any CPU = Release|Any CPU
	EndGlobalSection
	GlobalSection(ProjectConfigurationPlatforms) = postSolution
		{1524B81C-0E98-A494-858F-B2FFA210288E}.Debug|Any CPU.ActiveCfg = Debug|Any CPU
		{1524B81C-0E98-A494-858F-B2FFA210288E}.Debug|Any CPU.Build.0 = Debug|Any CPU
		{1524B81C-0E98-A494-858F-B2FFA210288E}.Release|Any CPU.ActiveCfg = Release|Any CPU
		{1524B81C-0E98-A494-858F-B2FFA210288E}.Release|Any CPU.Build.0 = Release|Any CPU
	EndGlobalSection
	GlobalSection(SolutionProperties) = preSolution
		HideSolutionNode = FALSE
	EndGlobalSection
	GlobalSection(ExtensibilityGlobals) = postSolution
		SolutionGuid = {DF451C79-CD6B-4D78-88A3-0038AAA39587}
	EndGlobalSection
EndGlobal
